
Microsoft Visual Studio Solution File, Format Version 12.00
# Visual Studio Version 17
VisualStudioVersion = 17.5.002.0
MinimumVisualStudioVersion = 10.0.40219.1
Project("{9A19103F-16F7-4668-BE54-9A1E7A4F7556}") = "Cidades", "Cidades.csproj", "{F4F81182-0581-4891-8E5D-57BBB9E5D166}"
EndProject
Global
	GlobalSection(SolutionConfigurationPlatforms) = preSolution
		Debug|Any CPU = Debug|Any CPU
		Release|Any CPU = Release|Any CPU
	EndGlobalSection
	GlobalSection(ProjectConfigurationPlatforms) = postSolution
		{F4F81182-0581-4891-8E5D-57BBB9E5D166}.Debug|Any CPU.ActiveCfg = Debug|Any CPU
		{F4F81182-0581-4891-8E5D-57BBB9E5D166}.Debug|Any CPU.Build.0 = Debug|Any CPU
		{F4F81182-0581-4891-8E5D-57BBB9E5D166}.Release|Any CPU.ActiveCfg = Release|Any CPU
		{F4F81182-0581-4891-8E5D-57BBB9E5D166}.Release|Any CPU.Build.0 = Release|Any CPU
	EndGlobalSection
	GlobalSection(SolutionProperties) = preSolution
		HideSolutionNode = FALSE
	EndGlobalSection
	GlobalSection(ExtensibilityGlobals) = postSolution
		SolutionGuid = {7B4309EE-215E-459D-95F5-8DEFC071CCD8}
	EndGlobalSection
EndGlobal
